// !$*UTF8*$!
{
	archiveVersion = 1;
	classes = {
	};
	objectVersion = 48;
	objects = {

/* Begin PBXBuildFile section */
		2CBD47721FCFF14B00C9BCF2 /* AppDelegate.m in Sources */ = {isa = PBXBuildFile; fileRef = 2CBD47711FCFF14B00C9BCF2 /* AppDelegate.m */; };
		2CBD47781FCFF14B00C9BCF2 /* Main.storyboard in Resources */ = {isa = PBXBuildFile; fileRef = 2CBD47761FCFF14B00C9BCF2 /* Main.storyboard */; };
		2CBD477A1FCFF14B00C9BCF2 /* Assets.xcassets in Resources */ = {isa = PBXBuildFile; fileRef = 2CBD47791FCFF14B00C9BCF2 /* Assets.xcassets */; };
		2CBD477D1FCFF14B00C9BCF2 /* LaunchScreen.storyboard in Resources */ = {isa = PBXBuildFile; fileRef = 2CBD477B1FCFF14B00C9BCF2 /* LaunchScreen.storyboard */; };
		2CBD47801FCFF14B00C9BCF2 /* main.m in Sources */ = {isa = PBXBuildFile; fileRef = 2CBD477F1FCFF14B00C9BCF2 /* main.m */; };
		2CBD478A1FCFF14B00C9BCF2 /* routeam_testTests.m in Sources */ = {isa = PBXBuildFile; fileRef = 2CBD47891FCFF14B00C9BCF2 /* routeam_testTests.m */; };
		2CBD47951FCFF14B00C9BCF2 /* routeam_testUITests.m in Sources */ = {isa = PBXBuildFile; fileRef = 2CBD47941FCFF14B00C9BCF2 /* routeam_testUITests.m */; };
		2CBD47A51FCFF16D00C9BCF2 /* Model.xcdatamodeld in Sources */ = {isa = PBXBuildFile; fileRef = 2CBD47A31FCFF16D00C9BCF2 /* Model.xcdatamodeld */; };
		2CBD47A81FCFF34900C9BCF2 /* DataController.m in Sources */ = {isa = PBXBuildFile; fileRef = 2CBD47A71FCFF34900C9BCF2 /* DataController.m */; };
		2CBD48321FD01AF700C9BCF2 /* Event+CoreDataClass.m in Sources */ = {isa = PBXBuildFile; fileRef = 2CBD482B1FD01AF700C9BCF2 /* Event+CoreDataClass.m */; };
		2CBD48331FD01AF700C9BCF2 /* Event+CoreDataProperties.m in Sources */ = {isa = PBXBuildFile; fileRef = 2CBD482D1FD01AF700C9BCF2 /* Event+CoreDataProperties.m */; };
		2CBD48341FD01AF700C9BCF2 /* Participant+CoreDataClass.m in Sources */ = {isa = PBXBuildFile; fileRef = 2CBD482F1FD01AF700C9BCF2 /* Participant+CoreDataClass.m */; };
		2CBD48351FD01AF700C9BCF2 /* Participant+CoreDataProperties.m in Sources */ = {isa = PBXBuildFile; fileRef = 2CBD48311FD01AF700C9BCF2 /* Participant+CoreDataProperties.m */; };
		2CBD483A1FD0591000C9BCF2 /* EventsTVC.m in Sources */ = {isa = PBXBuildFile; fileRef = 2CBD48391FD0591000C9BCF2 /* EventsTVC.m */; };
		2CBD483D1FD0808400C9BCF2 /* EventDetailsVC.m in Sources */ = {isa = PBXBuildFile; fileRef = 2CBD483C1FD0808400C9BCF2 /* EventDetailsVC.m */; };
		2CBD48401FD089C900C9BCF2 /* ParticipantsTVC.m in Sources */ = {isa = PBXBuildFile; fileRef = 2CBD483F1FD089C900C9BCF2 /* ParticipantsTVC.m */; };
		2CBD484A1FD1450400C9BCF2 /* SettingsTVC.m in Sources */ = {isa = PBXBuildFile; fileRef = 2CBD48491FD1450400C9BCF2 /* SettingsTVC.m */; };
		2CBD484C1FD1478800C9BCF2 /* icons8-settings.png in Resources */ = {isa = PBXBuildFile; fileRef = 2CBD484B1FD1478800C9BCF2 /* icons8-settings.png */; };
		2CBD48521FD148D700C9BCF2 /* FilterOptionsVC.m in Sources */ = {isa = PBXBuildFile; fileRef = 2CBD48511FD148D700C9BCF2 /* FilterOptionsVC.m */; };
		2CBD48551FD1671C00C9BCF2 /* SortOptionsTVC.m in Sources */ = {isa = PBXBuildFile; fileRef = 2CBD48541FD1671C00C9BCF2 /* SortOptionsTVC.m */; };
		2CBD48661FD16A1900C9BCF2 /* desc.png in Resources */ = {isa = PBXBuildFile; fileRef = 2CBD48641FD16A1800C9BCF2 /* desc.png */; };
		2CBD48671FD16A1900C9BCF2 /* acs.png in Resources */ = {isa = PBXBuildFile; fileRef = 2CBD48651FD16A1900C9BCF2 /* acs.png */; };
		2CBD486A1FD16B0E00C9BCF2 /* SettingsController.m in Sources */ = {isa = PBXBuildFile; fileRef = 2CBD48691FD16B0E00C9BCF2 /* SettingsController.m */; };
/* End PBXBuildFile section */

/* Begin PBXContainerItemProxy section */
		2CBD47861FCFF14B00C9BCF2 /* PBXContainerItemProxy */ = {
			isa = PBXContainerItemProxy;
			containerPortal = 2CBD47651FCFF14B00C9BCF2 /* Project object */;
			proxyType = 1;
			remoteGlobalIDString = 2CBD476C1FCFF14B00C9BCF2;
			remoteInfo = routeam_test;
		};
		2CBD47911FCFF14B00C9BCF2 /* PBXContainerItemProxy */ = {
			isa = PBXContainerItemProxy;
			containerPortal = 2CBD47651FCFF14B00C9BCF2 /* Project object */;
			proxyType = 1;
			remoteGlobalIDString = 2CBD476C1FCFF14B00C9BCF2;
			remoteInfo = routeam_test;
		};
/* End PBXContainerItemProxy section */

/* Begin PBXFileReference section */
		2CBD476D1FCFF14B00C9BCF2 /* routeam_test.app */ = {isa = PBXFileReference; explicitFileType = wrapper.application; includeInIndex = 0; path = routeam_test.app; sourceTree = BUILT_PRODUCTS_DIR; };
		2CBD47701FCFF14B00C9BCF2 /* AppDelegate.h */ = {isa = PBXFileReference; lastKnownFileType = sourcecode.c.h; path = AppDelegate.h; sourceTree = "<group>"; };
		2CBD47711FCFF14B00C9BCF2 /* AppDelegate.m */ = {isa = PBXFileReference; lastKnownFileType = sourcecode.c.objc; path = AppDelegate.m; sourceTree = "<group>"; };
		2CBD47771FCFF14B00C9BCF2 /* Base */ = {isa = PBXFileReference; lastKnownFileType = file.storyboard; name = Base; path = Base.lproj/Main.storyboard; sourceTree = "<group>"; };
		2CBD47791FCFF14B00C9BCF2 /* Assets.xcassets */ = {isa = PBXFileReference; lastKnownFileType = folder.assetcatalog; path = Assets.xcassets; sourceTree = "<group>"; };
		2CBD477C1FCFF14B00C9BCF2 /* Base */ = {isa = PBXFileReference; lastKnownFileType = file.storyboard; name = Base; path = Base.lproj/LaunchScreen.storyboard; sourceTree = "<group>"; };
		2CBD477E1FCFF14B00C9BCF2 /* Info.plist */ = {isa = PBXFileReference; lastKnownFileType = text.plist.xml; path = Info.plist; sourceTree = "<group>"; };
		2CBD477F1FCFF14B00C9BCF2 /* main.m */ = {isa = PBXFileReference; lastKnownFileType = sourcecode.c.objc; path = main.m; sourceTree = "<group>"; };
		2CBD47851FCFF14B00C9BCF2 /* routeam_testTests.xctest */ = {isa = PBXFileReference; explicitFileType = wrapper.cfbundle; includeInIndex = 0; path = routeam_testTests.xctest; sourceTree = BUILT_PRODUCTS_DIR; };
		2CBD47891FCFF14B00C9BCF2 /* routeam_testTests.m */ = {isa = PBXFileReference; lastKnownFileType = sourcecode.c.objc; path = routeam_testTests.m; sourceTree = "<group>"; };
		2CBD478B1FCFF14B00C9BCF2 /* Info.plist */ = {isa = PBXFileReference; lastKnownFileType = text.plist.xml; path = Info.plist; sourceTree = "<group>"; };
		2CBD47901FCFF14B00C9BCF2 /* routeam_testUITests.xctest */ = {isa = PBXFileReference; explicitFileType = wrapper.cfbundle; includeInIndex = 0; path = routeam_testUITests.xctest; sourceTree = BUILT_PRODUCTS_DIR; };
		2CBD47941FCFF14B00C9BCF2 /* routeam_testUITests.m */ = {isa = PBXFileReference; lastKnownFileType = sourcecode.c.objc; path = routeam_testUITests.m; sourceTree = "<group>"; };
		2CBD47961FCFF14B00C9BCF2 /* Info.plist */ = {isa = PBXFileReference; lastKnownFileType = text.plist.xml; path = Info.plist; sourceTree = "<group>"; };
		2CBD47A41FCFF16D00C9BCF2 /* Model.xcdatamodel */ = {isa = PBXFileReference; lastKnownFileType = wrapper.xcdatamodel; path = Model.xcdatamodel; sourceTree = "<group>"; };
		2CBD47A61FCFF34900C9BCF2 /* DataController.h */ = {isa = PBXFileReference; lastKnownFileType = sourcecode.c.h; path = DataController.h; sourceTree = "<group>"; };
		2CBD47A71FCFF34900C9BCF2 /* DataController.m */ = {isa = PBXFileReference; lastKnownFileType = sourcecode.c.objc; path = DataController.m; sourceTree = "<group>"; };
		2CBD482A1FD01AF700C9BCF2 /* Event+CoreDataClass.h */ = {isa = PBXFileReference; lastKnownFileType = sourcecode.c.h; path = "Event+CoreDataClass.h"; sourceTree = "<group>"; };
		2CBD482B1FD01AF700C9BCF2 /* Event+CoreDataClass.m */ = {isa = PBXFileReference; lastKnownFileType = sourcecode.c.objc; path = "Event+CoreDataClass.m"; sourceTree = "<group>"; };
		2CBD482C1FD01AF700C9BCF2 /* Event+CoreDataProperties.h */ = {isa = PBXFileReference; lastKnownFileType = sourcecode.c.h; path = "Event+CoreDataProperties.h"; sourceTree = "<group>"; };
		2CBD482D1FD01AF700C9BCF2 /* Event+CoreDataProperties.m */ = {isa = PBXFileReference; lastKnownFileType = sourcecode.c.objc; path = "Event+CoreDataProperties.m"; sourceTree = "<group>"; };
		2CBD482E1FD01AF700C9BCF2 /* Participant+CoreDataClass.h */ = {isa = PBXFileReference; lastKnownFileType = sourcecode.c.h; path = "Participant+CoreDataClass.h"; sourceTree = "<group>"; };
		2CBD482F1FD01AF700C9BCF2 /* Participant+CoreDataClass.m */ = {isa = PBXFileReference; lastKnownFileType = sourcecode.c.objc; path = "Participant+CoreDataClass.m"; sourceTree = "<group>"; };
		2CBD48301FD01AF700C9BCF2 /* Participant+CoreDataProperties.h */ = {isa = PBXFileReference; lastKnownFileType = sourcecode.c.h; path = "Participant+CoreDataProperties.h"; sourceTree = "<group>"; };
		2CBD48311FD01AF700C9BCF2 /* Participant+CoreDataProperties.m */ = {isa = PBXFileReference; lastKnownFileType = sourcecode.c.objc; path = "Participant+CoreDataProperties.m"; sourceTree = "<group>"; };
		2CBD48361FD01B2C00C9BCF2 /* DataModel.h */ = {isa = PBXFileReference; lastKnownFileType = sourcecode.c.h; path = DataModel.h; sourceTree = "<group>"; };
		2CBD48381FD0591000C9BCF2 /* EventsTVC.h */ = {isa = PBXFileReference; lastKnownFileType = sourcecode.c.h; path = EventsTVC.h; sourceTree = "<group>"; };
		2CBD48391FD0591000C9BCF2 /* EventsTVC.m */ = {isa = PBXFileReference; lastKnownFileType = sourcecode.c.objc; path = EventsTVC.m; sourceTree = "<group>"; };
		2CBD483B1FD0808400C9BCF2 /* EventDetailsVC.h */ = {isa = PBXFileReference; lastKnownFileType = sourcecode.c.h; path = EventDetailsVC.h; sourceTree = "<group>"; };
		2CBD483C1FD0808400C9BCF2 /* EventDetailsVC.m */ = {isa = PBXFileReference; lastKnownFileType = sourcecode.c.objc; path = EventDetailsVC.m; sourceTree = "<group>"; };
		2CBD483E1FD089C900C9BCF2 /* ParticipantsTVC.h */ = {isa = PBXFileReference; lastKnownFileType = sourcecode.c.h; path = ParticipantsTVC.h; sourceTree = "<group>"; };
		2CBD483F1FD089C900C9BCF2 /* ParticipantsTVC.m */ = {isa = PBXFileReference; lastKnownFileType = sourcecode.c.objc; path = ParticipantsTVC.m; sourceTree = "<group>"; };
		2CBD48481FD1450400C9BCF2 /* SettingsTVC.h */ = {isa = PBXFileReference; lastKnownFileType = sourcecode.c.h; path = SettingsTVC.h; sourceTree = "<group>"; };
		2CBD48491FD1450400C9BCF2 /* SettingsTVC.m */ = {isa = PBXFileReference; lastKnownFileType = sourcecode.c.objc; path = SettingsTVC.m; sourceTree = "<group>"; };
		2CBD484B1FD1478800C9BCF2 /* icons8-settings.png */ = {isa = PBXFileReference; lastKnownFileType = image.png; path = "icons8-settings.png"; sourceTree = "<group>"; };
		2CBD48501FD148D700C9BCF2 /* FilterOptionsVC.h */ = {isa = PBXFileReference; lastKnownFileType = sourcecode.c.h; path = FilterOptionsVC.h; sourceTree = "<group>"; };
		2CBD48511FD148D700C9BCF2 /* FilterOptionsVC.m */ = {isa = PBXFileReference; lastKnownFileType = sourcecode.c.objc; path = FilterOptionsVC.m; sourceTree = "<group>"; };
		2CBD48531FD1671C00C9BCF2 /* SortOptionsTVC.h */ = {isa = PBXFileReference; lastKnownFileType = sourcecode.c.h; path = SortOptionsTVC.h; sourceTree = "<group>"; };
		2CBD48541FD1671C00C9BCF2 /* SortOptionsTVC.m */ = {isa = PBXFileReference; lastKnownFileType = sourcecode.c.objc; path = SortOptionsTVC.m; sourceTree = "<group>"; };
		2CBD48641FD16A1800C9BCF2 /* desc.png */ = {isa = PBXFileReference; lastKnownFileType = image.png; path = desc.png; sourceTree = "<group>"; };
		2CBD48651FD16A1900C9BCF2 /* acs.png */ = {isa = PBXFileReference; lastKnownFileType = image.png; path = acs.png; sourceTree = "<group>"; };
		2CBD48681FD16B0E00C9BCF2 /* SettingsController.h */ = {isa = PBXFileReference; lastKnownFileType = sourcecode.c.h; path = SettingsController.h; sourceTree = "<group>"; };
		2CBD48691FD16B0E00C9BCF2 /* SettingsController.m */ = {isa = PBXFileReference; lastKnownFileType = sourcecode.c.objc; path = SettingsController.m; sourceTree = "<group>"; };
/* End PBXFileReference section */

/* Begin PBXFrameworksBuildPhase section */
		2CBD476A1FCFF14B00C9BCF2 /* Frameworks */ = {
			isa = PBXFrameworksBuildPhase;
			buildActionMask = 2147483647;
			files = (
			);
			runOnlyForDeploymentPostprocessing = 0;
		};
		2CBD47821FCFF14B00C9BCF2 /* Frameworks */ = {
			isa = PBXFrameworksBuildPhase;
			buildActionMask = 2147483647;
			files = (
			);
			runOnlyForDeploymentPostprocessing = 0;
		};
		2CBD478D1FCFF14B00C9BCF2 /* Frameworks */ = {
			isa = PBXFrameworksBuildPhase;
			buildActionMask = 2147483647;
			files = (
			);
			runOnlyForDeploymentPostprocessing = 0;
		};
/* End PBXFrameworksBuildPhase section */

/* Begin PBXGroup section */
		2CBD47641FCFF14B00C9BCF2 = {
			isa = PBXGroup;
			children = (
				2CBD476F1FCFF14B00C9BCF2 /* routeam_test */,
				2CBD47881FCFF14B00C9BCF2 /* routeam_testTests */,
				2CBD47931FCFF14B00C9BCF2 /* routeam_testUITests */,
				2CBD476E1FCFF14B00C9BCF2 /* Products */,
			);
			sourceTree = "<group>";
		};
		2CBD476E1FCFF14B00C9BCF2 /* Products */ = {
			isa = PBXGroup;
			children = (
				2CBD476D1FCFF14B00C9BCF2 /* routeam_test.app */,
				2CBD47851FCFF14B00C9BCF2 /* routeam_testTests.xctest */,
				2CBD47901FCFF14B00C9BCF2 /* routeam_testUITests.xctest */,
			);
			name = Products;
			sourceTree = "<group>";
		};
		2CBD476F1FCFF14B00C9BCF2 /* routeam_test */ = {
			isa = PBXGroup;
			children = (
				2CBD48411FD143BA00C9BCF2 /* Resources */,
				2CBD48371FD058E800C9BCF2 /* Classes */,
				2CBD47A21FCFF15B00C9BCF2 /* DataModel */,
				2CBD47701FCFF14B00C9BCF2 /* AppDelegate.h */,
				2CBD47711FCFF14B00C9BCF2 /* AppDelegate.m */,
				2CBD47761FCFF14B00C9BCF2 /* Main.storyboard */,
				2CBD47791FCFF14B00C9BCF2 /* Assets.xcassets */,
				2CBD477B1FCFF14B00C9BCF2 /* LaunchScreen.storyboard */,
				2CBD477E1FCFF14B00C9BCF2 /* Info.plist */,
				2CBD477F1FCFF14B00C9BCF2 /* main.m */,
			);
			path = routeam_test;
			sourceTree = "<group>";
		};
		2CBD47881FCFF14B00C9BCF2 /* routeam_testTests */ = {
			isa = PBXGroup;
			children = (
				2CBD47891FCFF14B00C9BCF2 /* routeam_testTests.m */,
				2CBD478B1FCFF14B00C9BCF2 /* Info.plist */,
			);
			path = routeam_testTests;
			sourceTree = "<group>";
		};
		2CBD47931FCFF14B00C9BCF2 /* routeam_testUITests */ = {
			isa = PBXGroup;
			children = (
				2CBD47941FCFF14B00C9BCF2 /* routeam_testUITests.m */,
				2CBD47961FCFF14B00C9BCF2 /* Info.plist */,
			);
			path = routeam_testUITests;
			sourceTree = "<group>";
		};
		2CBD47A21FCFF15B00C9BCF2 /* DataModel */ = {
			isa = PBXGroup;
			children = (
				2CBD48361FD01B2C00C9BCF2 /* DataModel.h */,
				2CBD482A1FD01AF700C9BCF2 /* Event+CoreDataClass.h */,
				2CBD482B1FD01AF700C9BCF2 /* Event+CoreDataClass.m */,
				2CBD482C1FD01AF700C9BCF2 /* Event+CoreDataProperties.h */,
				2CBD482D1FD01AF700C9BCF2 /* Event+CoreDataProperties.m */,
				2CBD482E1FD01AF700C9BCF2 /* Participant+CoreDataClass.h */,
				2CBD482F1FD01AF700C9BCF2 /* Participant+CoreDataClass.m */,
				2CBD48301FD01AF700C9BCF2 /* Participant+CoreDataProperties.h */,
				2CBD48311FD01AF700C9BCF2 /* Participant+CoreDataProperties.m */,
				2CBD47A31FCFF16D00C9BCF2 /* Model.xcdatamodeld */,
			);
			path = DataModel;
			sourceTree = "<group>";
		};
		2CBD48371FD058E800C9BCF2 /* Classes */ = {
			isa = PBXGroup;
			children = (
				2CBD486B1FD172E800C9BCF2 /* Controllers */,
				2CBD486C1FD172FF00C9BCF2 /* Views */,
			);
			path = Classes;
			sourceTree = "<group>";
		};
		2CBD48411FD143BA00C9BCF2 /* Resources */ = {
			isa = PBXGroup;
			children = (
				2CBD484B1FD1478800C9BCF2 /* icons8-settings.png */,
				2CBD48651FD16A1900C9BCF2 /* acs.png */,
				2CBD48641FD16A1800C9BCF2 /* desc.png */,
			);
			path = Resources;
			sourceTree = "<group>";
		};
		2CBD486B1FD172E800C9BCF2 /* Controllers */ = {
			isa = PBXGroup;
			children = (
				2CBD47A61FCFF34900C9BCF2 /* DataController.h */,
				2CBD47A71FCFF34900C9BCF2 /* DataController.m */,
				2CBD48681FD16B0E00C9BCF2 /* SettingsController.h */,
				2CBD48691FD16B0E00C9BCF2 /* SettingsController.m */,
			);
			path = Controllers;
			sourceTree = "<group>";
		};
		2CBD486C1FD172FF00C9BCF2 /* Views */ = {
			isa = PBXGroup;
			children = (
				2CBD48381FD0591000C9BCF2 /* EventsTVC.h */,
				2CBD48391FD0591000C9BCF2 /* EventsTVC.m */,
				2CBD483B1FD0808400C9BCF2 /* EventDetailsVC.h */,
				2CBD483C1FD0808400C9BCF2 /* EventDetailsVC.m */,
				2CBD483E1FD089C900C9BCF2 /* ParticipantsTVC.h */,
				2CBD483F1FD089C900C9BCF2 /* ParticipantsTVC.m */,
				2CBD48481FD1450400C9BCF2 /* SettingsTVC.h */,
				2CBD48491FD1450400C9BCF2 /* SettingsTVC.m */,
				2CBD48531FD1671C00C9BCF2 /* SortOptionsTVC.h */,
				2CBD48541FD1671C00C9BCF2 /* SortOptionsTVC.m */,
				2CBD48501FD148D700C9BCF2 /* FilterOptionsVC.h */,
				2CBD48511FD148D700C9BCF2 /* FilterOptionsVC.m */,
			);
			path = Views;
			sourceTree = "<group>";
		};
/* End PBXGroup section */

/* Begin PBXNativeTarget section */
		2CBD476C1FCFF14B00C9BCF2 /* routeam_test */ = {
			isa = PBXNativeTarget;
			buildConfigurationList = 2CBD47991FCFF14B00C9BCF2 /* Build configuration list for PBXNativeTarget "routeam_test" */;
			buildPhases = (
				2CBD47691FCFF14B00C9BCF2 /* Sources */,
				2CBD476A1FCFF14B00C9BCF2 /* Frameworks */,
				2CBD476B1FCFF14B00C9BCF2 /* Resources */,
			);
			buildRules = (
			);
			dependencies = (
			);
			name = routeam_test;
			productName = routeam_test;
			productReference = 2CBD476D1FCFF14B00C9BCF2 /* routeam_test.app */;
			productType = "com.apple.product-type.application";
		};
		2CBD47841FCFF14B00C9BCF2 /* routeam_testTests */ = {
			isa = PBXNativeTarget;
			buildConfigurationList = 2CBD479C1FCFF14B00C9BCF2 /* Build configuration list for PBXNativeTarget "routeam_testTests" */;
			buildPhases = (
				2CBD47811FCFF14B00C9BCF2 /* Sources */,
				2CBD47821FCFF14B00C9BCF2 /* Frameworks */,
				2CBD47831FCFF14B00C9BCF2 /* Resources */,
			);
			buildRules = (
			);
			dependencies = (
				2CBD47871FCFF14B00C9BCF2 /* PBXTargetDependency */,
			);
			name = routeam_testTests;
			productName = routeam_testTests;
			productReference = 2CBD47851FCFF14B00C9BCF2 /* routeam_testTests.xctest */;
			productType = "com.apple.product-type.bundle.unit-test";
		};
		2CBD478F1FCFF14B00C9BCF2 /* routeam_testUITests */ = {
			isa = PBXNativeTarget;
			buildConfigurationList = 2CBD479F1FCFF14B00C9BCF2 /* Build configuration list for PBXNativeTarget "routeam_testUITests" */;
			buildPhases = (
				2CBD478C1FCFF14B00C9BCF2 /* Sources */,
				2CBD478D1FCFF14B00C9BCF2 /* Frameworks */,
				2CBD478E1FCFF14B00C9BCF2 /* Resources */,
			);
			buildRules = (
			);
			dependencies = (
				2CBD47921FCFF14B00C9BCF2 /* PBXTargetDependency */,
			);
			name = routeam_testUITests;
			productName = routeam_testUITests;
			productReference = 2CBD47901FCFF14B00C9BCF2 /* routeam_testUITests.xctest */;
			productType = "com.apple.product-type.bundle.ui-testing";
		};
/* End PBXNativeTarget section */

/* Begin PBXProject section */
		2CBD47651FCFF14B00C9BCF2 /* Project object */ = {
			isa = PBXProject;
			attributes = {
				LastUpgradeCheck = 0910;
				ORGANIZATIONNAME = "Maxim Grigoriev";
				TargetAttributes = {
					2CBD476C1FCFF14B00C9BCF2 = {
						CreatedOnToolsVersion = 9.1;
						ProvisioningStyle = Automatic;
					};
					2CBD47841FCFF14B00C9BCF2 = {
						CreatedOnToolsVersion = 9.1;
						ProvisioningStyle = Automatic;
						TestTargetID = 2CBD476C1FCFF14B00C9BCF2;
					};
					2CBD478F1FCFF14B00C9BCF2 = {
						CreatedOnToolsVersion = 9.1;
						ProvisioningStyle = Automatic;
						TestTargetID = 2CBD476C1FCFF14B00C9BCF2;
					};
				};
			};
			buildConfigurationList = 2CBD47681FCFF14B00C9BCF2 /* Build configuration list for PBXProject "routeam_test" */;
			compatibilityVersion = "Xcode 8.0";
			developmentRegion = en;
			hasScannedForEncodings = 0;
			knownRegions = (
				en,
				Base,
			);
			mainGroup = 2CBD47641FCFF14B00C9BCF2;
			productRefGroup = 2CBD476E1FCFF14B00C9BCF2 /* Products */;
			projectDirPath = "";
			projectRoot = "";
			targets = (
				2CBD476C1FCFF14B00C9BCF2 /* routeam_test */,
				2CBD47841FCFF14B00C9BCF2 /* routeam_testTests */,
				2CBD478F1FCFF14B00C9BCF2 /* routeam_testUITests */,
			);
		};
/* End PBXProject section */

/* Begin PBXResourcesBuildPhase section */
		2CBD476B1FCFF14B00C9BCF2 /* Resources */ = {
			isa = PBXResourcesBuildPhase;
			buildActionMask = 2147483647;
			files = (
				2CBD484C1FD1478800C9BCF2 /* icons8-settings.png in Resources */,
				2CBD48661FD16A1900C9BCF2 /* desc.png in Resources */,
				2CBD477D1FCFF14B00C9BCF2 /* LaunchScreen.storyboard in Resources */,
				2CBD48671FD16A1900C9BCF2 /* acs.png in Resources */,
				2CBD477A1FCFF14B00C9BCF2 /* Assets.xcassets in Resources */,
				2CBD47781FCFF14B00C9BCF2 /* Main.storyboard in Resources */,
			);
			runOnlyForDeploymentPostprocessing = 0;
		};
		2CBD47831FCFF14B00C9BCF2 /* Resources */ = {
			isa = PBXResourcesBuildPhase;
			buildActionMask = 2147483647;
			files = (
			);
			runOnlyForDeploymentPostprocessing = 0;
		};
		2CBD478E1FCFF14B00C9BCF2 /* Resources */ = {
			isa = PBXResourcesBuildPhase;
			buildActionMask = 2147483647;
			files = (
			);
			runOnlyForDeploymentPostprocessing = 0;
		};
/* End PBXResourcesBuildPhase section */

/* Begin PBXSourcesBuildPhase section */
		2CBD47691FCFF14B00C9BCF2 /* Sources */ = {
			isa = PBXSourcesBuildPhase;
			buildActionMask = 2147483647;
			files = (
				2CBD483D1FD0808400C9BCF2 /* EventDetailsVC.m in Sources */,
				2CBD48551FD1671C00C9BCF2 /* SortOptionsTVC.m in Sources */,
				2CBD48521FD148D700C9BCF2 /* FilterOptionsVC.m in Sources */,
				2CBD48401FD089C900C9BCF2 /* ParticipantsTVC.m in Sources */,
				2CBD484A1FD1450400C9BCF2 /* SettingsTVC.m in Sources */,
				2CBD48351FD01AF700C9BCF2 /* Participant+CoreDataProperties.m in Sources */,
				2CBD48341FD01AF700C9BCF2 /* Participant+CoreDataClass.m in Sources */,
				2CBD47801FCFF14B00C9BCF2 /* main.m in Sources */,
				2CBD48321FD01AF700C9BCF2 /* Event+CoreDataClass.m in Sources */,
				2CBD48331FD01AF700C9BCF2 /* Event+CoreDataProperties.m in Sources */,
				2CBD47721FCFF14B00C9BCF2 /* AppDelegate.m in Sources */,
				2CBD47A81FCFF34900C9BCF2 /* DataController.m in Sources */,
				2CBD486A1FD16B0E00C9BCF2 /* SettingsController.m in Sources */,
				2CBD483A1FD0591000C9BCF2 /* EventsTVC.m in Sources */,
				2CBD47A51FCFF16D00C9BCF2 /* Model.xcdatamodeld in Sources */,
			);
			runOnlyForDeploymentPostprocessing = 0;
		};
		2CBD47811FCFF14B00C9BCF2 /* Sources */ = {
			isa = PBXSourcesBuildPhase;
			buildActionMask = 2147483647;
			files = (
				2CBD478A1FCFF14B00C9BCF2 /* routeam_testTests.m in Sources */,
			);
			runOnlyForDeploymentPostprocessing = 0;
		};
		2CBD478C1FCFF14B00C9BCF2 /* Sources */ = {
			isa = PBXSourcesBuildPhase;
			buildActionMask = 2147483647;
			files = (
				2CBD47951FCFF14B00C9BCF2 /* routeam_testUITests.m in Sources */,
			);
			runOnlyForDeploymentPostprocessing = 0;
		};
/* End PBXSourcesBuildPhase section */

/* Begin PBXTargetDependency section */
		2CBD47871FCFF14B00C9BCF2 /* PBXTargetDependency */ = {
			isa = PBXTargetDependency;
			target = 2CBD476C1FCFF14B00C9BCF2 /* routeam_test */;
			targetProxy = 2CBD47861FCFF14B00C9BCF2 /* PBXContainerItemProxy */;
		};
		2CBD47921FCFF14B00C9BCF2 /* PBXTargetDependency */ = {
			isa = PBXTargetDependency;
			target = 2CBD476C1FCFF14B00C9BCF2 /* routeam_test */;
			targetProxy = 2CBD47911FCFF14B00C9BCF2 /* PBXContainerItemProxy */;
		};
/* End PBXTargetDependency section */

/* Begin PBXVariantGroup section */
		2CBD47761FCFF14B00C9BCF2 /* Main.storyboard */ = {
			isa = PBXVariantGroup;
			children = (
				2CBD47771FCFF14B00C9BCF2 /* Base */,
			);
			name = Main.storyboard;
			sourceTree = "<group>";
		};
		2CBD477B1FCFF14B00C9BCF2 /* LaunchScreen.storyboard */ = {
			isa = PBXVariantGroup;
			children = (
				2CBD477C1FCFF14B00C9BCF2 /* Base */,
			);
			name = LaunchScreen.storyboard;
			sourceTree = "<group>";
		};
/* End PBXVariantGroup section */

/* Begin XCBuildConfiguration section */
		2CBD47971FCFF14B00C9BCF2 /* Debug */ = {
			isa = XCBuildConfiguration;
			buildSettings = {
				ALWAYS_SEARCH_USER_PATHS = NO;
				CLANG_ANALYZER_NONNULL = YES;
				CLANG_ANALYZER_NUMBER_OBJECT_CONVERSION = YES_AGGRESSIVE;
				CLANG_CXX_LANGUAGE_STANDARD = "gnu++14";
				CLANG_CXX_LIBRARY = "libc++";
				CLANG_ENABLE_MODULES = YES;
				CLANG_ENABLE_OBJC_ARC = YES;
				CLANG_WARN_BLOCK_CAPTURE_AUTORELEASING = YES;
				CLANG_WARN_BOOL_CONVERSION = YES;
				CLANG_WARN_COMMA = YES;
				CLANG_WARN_CONSTANT_CONVERSION = YES;
				CLANG_WARN_DIRECT_OBJC_ISA_USAGE = YES_ERROR;
				CLANG_WARN_DOCUMENTATION_COMMENTS = YES;
				CLANG_WARN_EMPTY_BODY = YES;
				CLANG_WARN_ENUM_CONVERSION = YES;
				CLANG_WARN_INFINITE_RECURSION = YES;
				CLANG_WARN_INT_CONVERSION = YES;
				CLANG_WARN_NON_LITERAL_NULL_CONVERSION = YES;
				CLANG_WARN_OBJC_LITERAL_CONVERSION = YES;
				CLANG_WARN_OBJC_ROOT_CLASS = YES_ERROR;
				CLANG_WARN_RANGE_LOOP_ANALYSIS = YES;
				CLANG_WARN_STRICT_PROTOTYPES = YES;
				CLANG_WARN_SUSPICIOUS_MOVE = YES;
				CLANG_WARN_UNGUARDED_AVAILABILITY = YES_AGGRESSIVE;
				CLANG_WARN_UNREACHABLE_CODE = YES;
				CLANG_WARN__DUPLICATE_METHOD_MATCH = YES;
				CODE_SIGN_IDENTITY = "iPhone Developer";
				COPY_PHASE_STRIP = NO;
				DEBUG_INFORMATION_FORMAT = dwarf;
				ENABLE_STRICT_OBJC_MSGSEND = YES;
				ENABLE_TESTABILITY = YES;
				GCC_C_LANGUAGE_STANDARD = gnu11;
				GCC_DYNAMIC_NO_PIC = NO;
				GCC_NO_COMMON_BLOCKS = YES;
				GCC_OPTIMIZATION_LEVEL = 0;
				GCC_PREPROCESSOR_DEFINITIONS = (
					"DEBUG=1",
					"$(inherited)",
				);
				GCC_WARN_64_TO_32_BIT_CONVERSION = YES;
				GCC_WARN_ABOUT_RETURN_TYPE = YES_ERROR;
				GCC_WARN_UNDECLARED_SELECTOR = YES;
				GCC_WARN_UNINITIALIZED_AUTOS = YES_AGGRESSIVE;
				GCC_WARN_UNUSED_FUNCTION = YES;
				GCC_WARN_UNUSED_VARIABLE = YES;
				IPHONEOS_DEPLOYMENT_TARGET = 11.1;
				MTL_ENABLE_DEBUG_INFO = YES;
				ONLY_ACTIVE_ARCH = YES;
				SDKROOT = iphoneos;
			};
			name = Debug;
		};
		2CBD47981FCFF14B00C9BCF2 /* Release */ = {
			isa = XCBuildConfiguration;
			buildSettings = {
				ALWAYS_SEARCH_USER_PATHS = NO;
				CLANG_ANALYZER_NONNULL = YES;
				CLANG_ANALYZER_NUMBER_OBJECT_CONVERSION = YES_AGGRESSIVE;
				CLANG_CXX_LANGUAGE_STANDARD = "gnu++14";
				CLANG_CXX_LIBRARY = "libc++";
				CLANG_ENABLE_MODULES = YES;
				CLANG_ENABLE_OBJC_ARC = YES;
				CLANG_WARN_BLOCK_CAPTURE_AUTORELEASING = YES;
				CLANG_WARN_BOOL_CONVERSION = YES;
				CLANG_WARN_COMMA = YES;
				CLANG_WARN_CONSTANT_CONVERSION = YES;
				CLANG_WARN_DIRECT_OBJC_ISA_USAGE = YES_ERROR;
				CLANG_WARN_DOCUMENTATION_COMMENTS = YES;
				CLANG_WARN_EMPTY_BODY = YES;
				CLANG_WARN_ENUM_CONVERSION = YES;
				CLANG_WARN_INFINITE_RECURSION = YES;
				CLANG_WARN_INT_CONVERSION = YES;
				CLANG_WARN_NON_LITERAL_NULL_CONVERSION = YES;
				CLANG_WARN_OBJC_LITERAL_CONVERSION = YES;
				CLANG_WARN_OBJC_ROOT_CLASS = YES_ERROR;
				CLANG_WARN_RANGE_LOOP_ANALYSIS = YES;
				CLANG_WARN_STRICT_PROTOTYPES = YES;
				CLANG_WARN_SUSPICIOUS_MOVE = YES;
				CLANG_WARN_UNGUARDED_AVAILABILITY = YES_AGGRESSIVE;
				CLANG_WARN_UNREACHABLE_CODE = YES;
				CLANG_WARN__DUPLICATE_METHOD_MATCH = YES;
				CODE_SIGN_IDENTITY = "iPhone Developer";
				COPY_PHASE_STRIP = NO;
				DEBUG_INFORMATION_FORMAT = "dwarf-with-dsym";
				ENABLE_NS_ASSERTIONS = NO;
				ENABLE_STRICT_OBJC_MSGSEND = YES;
				GCC_C_LANGUAGE_STANDARD = gnu11;
				GCC_NO_COMMON_BLOCKS = YES;
				GCC_WARN_64_TO_32_BIT_CONVERSION = YES;
				GCC_WARN_ABOUT_RETURN_TYPE = YES_ERROR;
				GCC_WARN_UNDECLARED_SELECTOR = YES;
				GCC_WARN_UNINITIALIZED_AUTOS = YES_AGGRESSIVE;
				GCC_WARN_UNUSED_FUNCTION = YES;
				GCC_WARN_UNUSED_VARIABLE = YES;
				IPHONEOS_DEPLOYMENT_TARGET = 11.1;
				MTL_ENABLE_DEBUG_INFO = NO;
				SDKROOT = iphoneos;
				VALIDATE_PRODUCT = YES;
			};
			name = Release;
		};
		2CBD479A1FCFF14B00C9BCF2 /* Debug */ = {
			isa = XCBuildConfiguration;
			buildSettings = {
				ASSETCATALOG_COMPILER_APPICON_NAME = AppIcon;
				CODE_SIGN_STYLE = Automatic;
				DEVELOPMENT_TEAM = HXTB3SFBU4;
				INFOPLIST_FILE = routeam_test/Info.plist;
				IPHONEOS_DEPLOYMENT_TARGET = 10.0;
				LD_RUNPATH_SEARCH_PATHS = "$(inherited) @executable_path/Frameworks";
				PRODUCT_BUNDLE_IDENTIFIER = "com.maximgrigoriev.routeam-test";
				PRODUCT_NAME = "$(TARGET_NAME)";
				SWIFT_VERSION = 4.0;
				TARGETED_DEVICE_FAMILY = "1,2";
			};
			name = Debug;
		};
		2CBD479B1FCFF14B00C9BCF2 /* Release */ = {
			isa = XCBuildConfiguration;
			buildSettings = {
				ASSETCATALOG_COMPILER_APPICON_NAME = AppIcon;
				CODE_SIGN_STYLE = Automatic;
				DEVELOPMENT_TEAM = HXTB3SFBU4;
				INFOPLIST_FILE = routeam_test/Info.plist;
				IPHONEOS_DEPLOYMENT_TARGET = 10.0;
				LD_RUNPATH_SEARCH_PATHS = "$(inherited) @executable_path/Frameworks";
				PRODUCT_BUNDLE_IDENTIFIER = "com.maximgrigoriev.routeam-test";
				PRODUCT_NAME = "$(TARGET_NAME)";
				SWIFT_VERSION = 4.0;
				TARGETED_DEVICE_FAMILY = "1,2";
			};
			name = Release;
		};
		2CBD479D1FCFF14B00C9BCF2 /* Debug */ = {
			isa = XCBuildConfiguration;
			buildSettings = {
				BUNDLE_LOADER = "$(TEST_HOST)";
				CODE_SIGN_STYLE = Automatic;
				DEVELOPMENT_TEAM = HXTB3SFBU4;
				INFOPLIST_FILE = routeam_testTests/Info.plist;
				LD_RUNPATH_SEARCH_PATHS = "$(inherited) @executable_path/Frameworks @loader_path/Frameworks";
				PRODUCT_BUNDLE_IDENTIFIER = "com.maximgrigoriev.routeam-testTests";
				PRODUCT_NAME = "$(TARGET_NAME)";
				TARGETED_DEVICE_FAMILY = "1,2";
				TEST_HOST = "$(BUILT_PRODUCTS_DIR)/routeam_test.app/routeam_test";
			};
			name = Debug;
		};
		2CBD479E1FCFF14B00C9BCF2 /* Release */ = {
			isa = XCBuildConfiguration;
			buildSettings = {
				BUNDLE_LOADER = "$(TEST_HOST)";
				CODE_SIGN_STYLE = Automatic;
				DEVELOPMENT_TEAM = HXTB3SFBU4;
				INFOPLIST_FILE = routeam_testTests/Info.plist;
				LD_RUNPATH_SEARCH_PATHS = "$(inherited) @executable_path/Frameworks @loader_path/Frameworks";
				PRODUCT_BUNDLE_IDENTIFIER = "com.maximgrigoriev.routeam-testTests";
				PRODUCT_NAME = "$(TARGET_NAME)";
				TARGETED_DEVICE_FAMILY = "1,2";
				TEST_HOST = "$(BUILT_PRODUCTS_DIR)/routeam_test.app/routeam_test";
			};
			name = Release;
		};
		2CBD47A01FCFF14B00C9BCF2 /* Debug */ = {
			isa = XCBuildConfiguration;
			buildSettings = {
				CODE_SIGN_STYLE = Automatic;
				DEVELOPMENT_TEAM = HXTB3SFBU4;
				INFOPLIST_FILE = routeam_testUITests/Info.plist;
				LD_RUNPATH_SEARCH_PATHS = "$(inherited) @executable_path/Frameworks @loader_path/Frameworks";
				PRODUCT_BUNDLE_IDENTIFIER = "com.maximgrigoriev.routeam-testUITests";
				PRODUCT_NAME = "$(TARGET_NAME)";
				TARGETED_DEVICE_FAMILY = "1,2";
				TEST_TARGET_NAME = routeam_test;
			};
			name = Debug;
		};
		2CBD47A11FCFF14B00C9BCF2 /* Release */ = {
			isa = XCBuildConfiguration;
			buildSettings = {
				CODE_SIGN_STYLE = Automatic;
				DEVELOPMENT_TEAM = HXTB3SFBU4;
				INFOPLIST_FILE = routeam_testUITests/Info.plist;
				LD_RUNPATH_SEARCH_PATHS = "$(inherited) @executable_path/Frameworks @loader_path/Frameworks";
				PRODUCT_BUNDLE_IDENTIFIER = "com.maximgrigoriev.routeam-testUITests";
				PRODUCT_NAME = "$(TARGET_NAME)";
				TARGETED_DEVICE_FAMILY = "1,2";
				TEST_TARGET_NAME = routeam_test;
			};
			name = Release;
		};
/* End XCBuildConfiguration section */

/* Begin XCConfigurationList section */
		2CBD47681FCFF14B00C9BCF2 /* Build configuration list for PBXProject "routeam_test" */ = {
			isa = XCConfigurationList;
			buildConfigurations = (
				2CBD47971FCFF14B00C9BCF2 /* Debug */,
				2CBD47981FCFF14B00C9BCF2 /* Release */,
			);
			defaultConfigurationIsVisible = 0;
			defaultConfigurationName = Release;
		};
		2CBD47991FCFF14B00C9BCF2 /* Build configuration list for PBXNativeTarget "routeam_test" */ = {
			isa = XCConfigurationList;
			buildConfigurations = (
				2CBD479A1FCFF14B00C9BCF2 /* Debug */,
				2CBD479B1FCFF14B00C9BCF2 /* Release */,
			);
			defaultConfigurationIsVisible = 0;
			defaultConfigurationName = Release;
		};
		2CBD479C1FCFF14B00C9BCF2 /* Build configuration list for PBXNativeTarget "routeam_testTests" */ = {
			isa = XCConfigurationList;
			buildConfigurations = (
				2CBD479D1FCFF14B00C9BCF2 /* Debug */,
				2CBD479E1FCFF14B00C9BCF2 /* Release */,
			);
			defaultConfigurationIsVisible = 0;
			defaultConfigurationName = Release;
		};
		2CBD479F1FCFF14B00C9BCF2 /* Build configuration list for PBXNativeTarget "routeam_testUITests" */ = {
			isa = XCConfigurationList;
			buildConfigurations = (
				2CBD47A01FCFF14B00C9BCF2 /* Debug */,
				2CBD47A11FCFF14B00C9BCF2 /* Release */,
			);
			defaultConfigurationIsVisible = 0;
			defaultConfigurationName = Release;
		};
/* End XCConfigurationList section */

/* Begin XCVersionGroup section */
		2CBD47A31FCFF16D00C9BCF2 /* Model.xcdatamodeld */ = {
			isa = XCVersionGroup;
			children = (
				2CBD47A41FCFF16D00C9BCF2 /* Model.xcdatamodel */,
			);
			currentVersion = 2CBD47A41FCFF16D00C9BCF2 /* Model.xcdatamodel */;
			path = Model.xcdatamodeld;
			sourceTree = "<group>";
			versionGroupType = wrapper.xcdatamodel;
		};
/* End XCVersionGroup section */
	};
	rootObject = 2CBD47651FCFF14B00C9BCF2 /* Project object */;
}
